
Microsoft Visual Studio Solution File, Format Version 12.00
# Visual Studio Version 16
VisualStudioVersion = 16.0.31702.278
MinimumVisualStudioVersion = 10.0.40219.1
Project("{FAE04EC0-301F-11D3-BF4B-00C04F79EFBC}") = "AgenciaBancaria.Dominio", "AgenciaBancaria.Dominio\AgenciaBancaria.Dominio.csproj", "{2A642DC1-9629-4530-81B6-AAD60A19475E}"
EndProject
Project("{FAE04EC0-301F-11D3-BF4B-00C04F79EFBC}") = "AgenciaBancaria.App", "AgenciaBancaria.App\AgenciaBancaria.App.csproj", "{72642AAB-9667-4E3E-A638-5349C3AAABFA}"
EndProject
Global
	GlobalSection(SolutionConfigurationPlatforms) = preSolution
		Debug|Any CPU = Debug|Any CPU
		Release|Any CPU = Release|Any CPU
	EndGlobalSection
	GlobalSection(ProjectConfigurationPlatforms) = postSolution
		{2A642DC1-9629-4530-81B6-AAD60A19475E}.Debug|Any CPU.ActiveCfg = Debug|Any CPU
		{2A642DC1-9629-4530-81B6-AAD60A19475E}.Debug|Any CPU.Build.0 = Debug|Any CPU
		{2A642DC1-9629-4530-81B6-AAD60A19475E}.Release|Any CPU.ActiveCfg = Release|Any CPU
		{2A642DC1-9629-4530-81B6-AAD60A19475E}.Release|Any CPU.Build.0 = Release|Any CPU
		{72642AAB-9667-4E3E-A638-5349C3AAABFA}.Debug|Any CPU.ActiveCfg = Debug|Any CPU
		{72642AAB-9667-4E3E-A638-5349C3AAABFA}.Debug|Any CPU.Build.0 = Debug|Any CPU
		{72642AAB-9667-4E3E-A638-5349C3AAABFA}.Release|Any CPU.ActiveCfg = Release|Any CPU
		{72642AAB-9667-4E3E-A638-5349C3AAABFA}.Release|Any CPU.Build.0 = Release|Any CPU
	EndGlobalSection
	GlobalSection(SolutionProperties) = preSolution
		HideSolutionNode = FALSE
	EndGlobalSection
	GlobalSection(ExtensibilityGlobals) = postSolution
		SolutionGuid = {5B50CD11-2E5B-4D7A-97C1-E722E7792371}
	EndGlobalSection
EndGlobal
